
Microsoft Visual Studio Solution File, Format Version 12.00
# Visual Studio Version 17
VisualStudioVersion = 17.0.31903.59
MinimumVisualStudioVersion = 10.0.40219.1
Project("{FAE04EC0-301F-11D3-BF4B-00C04F79EFBC}") = "API", "API\API.csproj", "{5DB59CF2-1AAA-4E9F-90E3-6F41B4401376}"
EndProject
Project("{FAE04EC0-301F-11D3-BF4B-00C04F79EFBC}") = "Application", "Application\Application.csproj", "{297167D4-D914-4ACE-8F7D-598F8B15D886}"
EndProject
Project("{FAE04EC0-301F-11D3-BF4B-00C04F79EFBC}") = "Domain", "Domain\Domain.csproj", "{698C8DC4-C04E-464E-9760-E787E1EFB3DC}"
EndProject
Project("{FAE04EC0-301F-11D3-BF4B-00C04F79EFBC}") = "Persistence", "Persistence\Persistence.csproj", "{6053E43C-7BB6-4F6D-BEB4-D4F2AC835919}"
EndProject
Global
	GlobalSection(SolutionConfigurationPlatforms) = preSolution
		Debug|Any CPU = Debug|Any CPU
		Release|Any CPU = Release|Any CPU
	EndGlobalSection
	GlobalSection(SolutionProperties) = preSolution
		HideSolutionNode = FALSE
	EndGlobalSection
	GlobalSection(ProjectConfigurationPlatforms) = postSolution
		{5DB59CF2-1AAA-4E9F-90E3-6F41B4401376}.Debug|Any CPU.ActiveCfg = Debug|Any CPU
		{5DB59CF2-1AAA-4E9F-90E3-6F41B4401376}.Debug|Any CPU.Build.0 = Debug|Any CPU
		{5DB59CF2-1AAA-4E9F-90E3-6F41B4401376}.Release|Any CPU.ActiveCfg = Release|Any CPU
		{5DB59CF2-1AAA-4E9F-90E3-6F41B4401376}.Release|Any CPU.Build.0 = Release|Any CPU
		{297167D4-D914-4ACE-8F7D-598F8B15D886}.Debug|Any CPU.ActiveCfg = Debug|Any CPU
		{297167D4-D914-4ACE-8F7D-598F8B15D886}.Debug|Any CPU.Build.0 = Debug|Any CPU
		{297167D4-D914-4ACE-8F7D-598F8B15D886}.Release|Any CPU.ActiveCfg = Release|Any CPU
		{297167D4-D914-4ACE-8F7D-598F8B15D886}.Release|Any CPU.Build.0 = Release|Any CPU
		{698C8DC4-C04E-464E-9760-E787E1EFB3DC}.Debug|Any CPU.ActiveCfg = Debug|Any CPU
		{698C8DC4-C04E-464E-9760-E787E1EFB3DC}.Debug|Any CPU.Build.0 = Debug|Any CPU
		{698C8DC4-C04E-464E-9760-E787E1EFB3DC}.Release|Any CPU.ActiveCfg = Release|Any CPU
		{698C8DC4-C04E-464E-9760-E787E1EFB3DC}.Release|Any CPU.Build.0 = Release|Any CPU
		{6053E43C-7BB6-4F6D-BEB4-D4F2AC835919}.Debug|Any CPU.ActiveCfg = Debug|Any CPU
		{6053E43C-7BB6-4F6D-BEB4-D4F2AC835919}.Debug|Any CPU.Build.0 = Debug|Any CPU
		{6053E43C-7BB6-4F6D-BEB4-D4F2AC835919}.Release|Any CPU.ActiveCfg = Release|Any CPU
		{6053E43C-7BB6-4F6D-BEB4-D4F2AC835919}.Release|Any CPU.Build.0 = Release|Any CPU
	EndGlobalSection
EndGlobal
